
Microsoft Visual Studio Solution File, Format Version 12.00
# Visual Studio 15
VisualStudioVersion = 15.0.27130.2026
MinimumVisualStudioVersion = 10.0.40219.1
Project("{FAE04EC0-301F-11D3-BF4B-00C04F79EFBC}") = "GenesisVision.Tournament.Core", "GenesisVision.Tournament.Core\GenesisVision.Tournament.Core.csproj", "{38DB4517-3A09-4B00-95A1-9D4634C4DF93}"
EndProject
Project("{FAE04EC0-301F-11D3-BF4B-00C04F79EFBC}") = "GenesisVision.DataModel", "GenesisVision.DataModel\GenesisVision.DataModel.csproj", "{4119DC2D-C89F-4FA3-AA56-2FAC9D3BC91F}"
EndProject
Global
	GlobalSection(SolutionConfigurationPlatforms) = preSolution
		Debug|Any CPU = Debug|Any CPU
		Release|Any CPU = Release|Any CPU
	EndGlobalSection
	GlobalSection(ProjectConfigurationPlatforms) = postSolution
		{38DB4517-3A09-4B00-95A1-9D4634C4DF93}.Debug|Any CPU.ActiveCfg = Debug|Any CPU
		{38DB4517-3A09-4B00-95A1-9D4634C4DF93}.Debug|Any CPU.Build.0 = Debug|Any CPU
		{38DB4517-3A09-4B00-95A1-9D4634C4DF93}.Release|Any CPU.ActiveCfg = Release|Any CPU
		{38DB4517-3A09-4B00-95A1-9D4634C4DF93}.Release|Any CPU.Build.0 = Release|Any CPU
		{4119DC2D-C89F-4FA3-AA56-2FAC9D3BC91F}.Debug|Any CPU.ActiveCfg = Debug|Any CPU
		{4119DC2D-C89F-4FA3-AA56-2FAC9D3BC91F}.Debug|Any CPU.Build.0 = Debug|Any CPU
		{4119DC2D-C89F-4FA3-AA56-2FAC9D3BC91F}.Release|Any CPU.ActiveCfg = Release|Any CPU
		{4119DC2D-C89F-4FA3-AA56-2FAC9D3BC91F}.Release|Any CPU.Build.0 = Release|Any CPU
	EndGlobalSection
	GlobalSection(SolutionProperties) = preSolution
		HideSolutionNode = FALSE
	EndGlobalSection
	GlobalSection(ExtensibilityGlobals) = postSolution
		SolutionGuid = {52CCDC7F-8E08-452E-9E42-37A1DEFDE562}
	EndGlobalSection
EndGlobal
